{
  "bin/bundle:247448467": [
    [64, 5, 20, "ThreadSafety/ClassInstanceVariable: Avoid class instance variables.", 2485198147]
  ],
  "lib/activesupport/isolated_execution_state.rb:4123223916": [
    [14, 28, 16, "ThreadSafety/ClassInstanceVariable: Avoid class instance variables.", 430180392],
    [20, 18, 16, "ThreadSafety/ClassInstanceVariable: Avoid class instance variables.", 430180392],
    [22, 9, 6, "ThreadSafety/ClassInstanceVariable: Avoid class instance variables.", 2771743759],
    [28, 9, 16, "ThreadSafety/ClassInstanceVariable: Avoid class instance variables.", 430180392]
  ],
  "lib/activesupport/logger.rb:542273744": [
    [23, 5, 741, "Style/ClassMethodsDefinitions: Use `class << self` to define a class method.", 1316658239],
    [55, 5, 3, "Lint/IneffectiveAccessModifier: `private` (on line 53) does not make singleton methods private. Use `private_class_method` or `private` inside a `class << self` block instead.", 193404514],
    [55, 5, 242, "Style/ClassMethodsDefinitions: Use `class << self` to define a class method.", 2832199221]
  ],
  "lib/activesupport/logger_silence.rb:1739415277": [
    [13, 7, 39, "ThreadSafety/ClassAndModuleAttributes: Avoid mutating class and module attributes.", 4013179979]
  ],
  "spec/activesupport/isolated_execution_state_spec.rb:1017146217": [
    [5, 1, 52, "RSpec/SpecFilePathFormat: Spec path should end with `active_support/isolated_execution_state*_spec.rb`.", 2500898234],
    [13, 39, 25, "RSpec/InstanceVariable: Avoid instance variables - use let, a method call, or a local variable (if possible).", 3635063790],
    [16, 3, 357, "RSpec/ExampleLength: Example has too many lines. [8/5]", 3537643092],
    [26, 16, 10, "ThreadSafety/NewThread: Avoid starting new threads.", 3411682361],
    [29, 3, 365, "RSpec/ExampleLength: Example has too many lines. [8/5]", 823703444],
    [39, 16, 10, "ThreadSafety/NewThread: Avoid starting new threads.", 3411682361],
    [42, 3, 477, "RSpec/ExampleLength: Example has too many lines. [9/5]", 3500487246]
  ],
  "spec/activesupport/logger_spec.rb:649226183": [
    [11, 1, 36, "RSpec/MultipleDescribes: Do not use multiple top-level example groups - try to nest them.", 4074881734],
    [24, 35, 7, "RSpec/InstanceVariable: Avoid instance variables - use let, a method call, or a local variable (if possible).", 833506170],
    [28, 41, 2, "RSpec/BeEq: Prefer `be` over `eq`.", 5860785],
    [32, 47, 7, "RSpec/InstanceVariable: Avoid instance variables - use let, a method call, or a local variable (if possible).", 842193521],
    [32, 56, 7, "RSpec/InstanceVariable: Avoid instance variables - use let, a method call, or a local variable (if possible).", 833506170],
    [33, 47, 7, "RSpec/InstanceVariable: Avoid instance variables - use let, a method call, or a local variable (if possible).", 842193521],
    [33, 56, 7, "RSpec/InstanceVariable: Avoid instance variables - use let, a method call, or a local variable (if possible).", 833506170],
    [33, 65, 6, "Style/GlobalStdStream: Use `$stdout` instead of `STDOUT`.", 3356722952],
    [35, 51, 7, "RSpec/InstanceVariable: Avoid instance variables - use let, a method call, or a local variable (if possible).", 842193521],
    [35, 60, 6, "Style/GlobalStdStream: Use `$stdout` instead of `STDOUT`.", 3356722952],
    [36, 51, 7, "RSpec/InstanceVariable: Avoid instance variables - use let, a method call, or a local variable (if possible).", 842193521],
    [36, 60, 6, "Style/GlobalStdStream: Use `$stdout` instead of `STDOUT`.", 3356722952],
    [36, 68, 6, "Style/GlobalStdStream: Use `$stderr` instead of `STDERR`.", 3356712163],
    [37, 51, 7, "RSpec/InstanceVariable: Avoid instance variables - use let, a method call, or a local variable (if possible).", 842193521],
    [40, 3, 735, "RSpec/ExampleLength: Example has too many lines. [6/5]", 1937117207],
    [42, 69, 6, "Style/GlobalStdStream: Use `$stdout` instead of `STDOUT`.", 3356722952],
    [44, 55, 6, "Style/GlobalStdStream: Use `$stdout` instead of `STDOUT`.", 3356722952],
    [51, 59, 6, "Style/GlobalStdStream: Use `$stderr` instead of `STDERR`.", 3356712163],
    [53, 45, 6, "Style/GlobalStdStream: Use `$stderr` instead of `STDERR`.", 3356712163],
    [54, 55, 6, "Style/GlobalStdStream: Use `$stderr` instead of `STDERR`.", 3356712163],
    [57, 3, 589, "RSpec/ExampleLength: Example has too many lines. [10/5]", 2719518256],
    [65, 59, 6, "Style/GlobalStdStream: Use `$stdout` instead of `STDOUT`.", 3356722952],
    [71, 3, 446, "RSpec/ExampleLength: Example has too many lines. [16/5]", 4274035198],
    [94, 3, 446, "RSpec/ExampleLength: Example has too many lines. [14/5]", 3846445169],
    [115, 34, 7, "RSpec/InstanceVariable: Avoid instance variables - use let, a method call, or a local variable (if possible).", 833506170],
    [121, 34, 7, "RSpec/InstanceVariable: Avoid instance variables - use let, a method call, or a local variable (if possible).", 833506170],
    [126, 5, 7, "RSpec/InstanceVariable: Avoid instance variables - use let, a method call, or a local variable (if possible).", 842193521],
    [127, 5, 7, "RSpec/InstanceVariable: Avoid instance variables - use let, a method call, or a local variable (if possible).", 842193521],
    [127, 41, 8, "RSpec/InstanceVariable: Avoid instance variables - use let, a method call, or a local variable (if possible).", 2152470926],
    [128, 21, 7, "RSpec/InstanceVariable: Avoid instance variables - use let, a method call, or a local variable (if possible).", 833506170],
    [128, 37, 8, "RSpec/InstanceVariable: Avoid instance variables - use let, a method call, or a local variable (if possible).", 2152470926],
    [132, 5, 7, "RSpec/InstanceVariable: Avoid instance variables - use let, a method call, or a local variable (if possible).", 842193521],
    [133, 5, 7, "RSpec/InstanceVariable: Avoid instance variables - use let, a method call, or a local variable (if possible).", 842193521],
    [133, 41, 8, "RSpec/InstanceVariable: Avoid instance variables - use let, a method call, or a local variable (if possible).", 2152470926],
    [134, 25, 7, "RSpec/InstanceVariable: Avoid instance variables - use let, a method call, or a local variable (if possible).", 833506170],
    [134, 41, 8, "RSpec/InstanceVariable: Avoid instance variables - use let, a method call, or a local variable (if possible).", 2152470926],
    [138, 5, 7, "RSpec/InstanceVariable: Avoid instance variables - use let, a method call, or a local variable (if possible).", 842193521],
    [139, 5, 7, "RSpec/InstanceVariable: Avoid instance variables - use let, a method call, or a local variable (if possible).", 842193521],
    [139, 42, 8, "RSpec/InstanceVariable: Avoid instance variables - use let, a method call, or a local variable (if possible).", 2152470926],
    [140, 21, 7, "RSpec/InstanceVariable: Avoid instance variables - use let, a method call, or a local variable (if possible).", 833506170],
    [140, 37, 8, "RSpec/InstanceVariable: Avoid instance variables - use let, a method call, or a local variable (if possible).", 2152470926],
    [144, 5, 7, "RSpec/InstanceVariable: Avoid instance variables - use let, a method call, or a local variable (if possible).", 842193521],
    [145, 5, 7, "RSpec/InstanceVariable: Avoid instance variables - use let, a method call, or a local variable (if possible).", 842193521],
    [145, 20, 8, "RSpec/InstanceVariable: Avoid instance variables - use let, a method call, or a local variable (if possible).", 2152470926],
    [146, 21, 7, "RSpec/InstanceVariable: Avoid instance variables - use let, a method call, or a local variable (if possible).", 833506170],
    [146, 37, 8, "RSpec/InstanceVariable: Avoid instance variables - use let, a method call, or a local variable (if possible).", 2152470926],
    [150, 5, 7, "RSpec/InstanceVariable: Avoid instance variables - use let, a method call, or a local variable (if possible).", 842193521],
    [151, 5, 7, "RSpec/InstanceVariable: Avoid instance variables - use let, a method call, or a local variable (if possible).", 842193521],
    [151, 18, 16, "RSpec/InstanceVariable: Avoid instance variables - use let, a method call, or a local variable (if possible).", 135366487],
    [152, 21, 7, "RSpec/InstanceVariable: Avoid instance variables - use let, a method call, or a local variable (if possible).", 833506170],
    [152, 37, 16, "RSpec/InstanceVariable: Avoid instance variables - use let, a method call, or a local variable (if possible).", 135366487],
    [156, 5, 7, "RSpec/InstanceVariable: Avoid instance variables - use let, a method call, or a local variable (if possible).", 842193521],
    [157, 5, 7, "RSpec/InstanceVariable: Avoid instance variables - use let, a method call, or a local variable (if possible).", 842193521],
    [157, 20, 16, "RSpec/InstanceVariable: Avoid instance variables - use let, a method call, or a local variable (if possible).", 135366487],
    [158, 21, 7, "RSpec/InstanceVariable: Avoid instance variables - use let, a method call, or a local variable (if possible).", 833506170],
    [158, 37, 16, "RSpec/InstanceVariable: Avoid instance variables - use let, a method call, or a local variable (if possible).", 135366487],
    [161, 3, 220, "RSpec/NoExpectationExample: No expectation found in this example.", 2483096172],
    [162, 5, 7, "RSpec/InstanceVariable: Avoid instance variables - use let, a method call, or a local variable (if possible).", 842193521],
    [164, 5, 7, "RSpec/InstanceVariable: Avoid instance variables - use let, a method call, or a local variable (if possible).", 842193521],
    [169, 20, 8, "RSpec/InstanceVariable: Avoid instance variables - use let, a method call, or a local variable (if possible).", 2152470926],
    [170, 5, 7, "RSpec/InstanceVariable: Avoid instance variables - use let, a method call, or a local variable (if possible).", 842193521],
    [170, 18, 8, "RSpec/InstanceVariable: Avoid instance variables - use let, a method call, or a local variable (if possible).", 2152470926],
    [171, 32, 8, "RSpec/InstanceVariable: Avoid instance variables - use let, a method call, or a local variable (if possible).", 2152470926],
    [174, 3, 344, "RSpec/NoExpectationExample: No expectation found in this example.", 4268698866],
    [177, 7, 7, "RSpec/InstanceVariable: Avoid instance variables - use let, a method call, or a local variable (if possible).", 842193521],
    [178, 14, 7, "RSpec/InstanceVariable: Avoid instance variables - use let, a method call, or a local variable (if possible).", 842193521],
    [182, 3, 401, "RSpec/ExampleLength: Example has too many lines. [7/5]", 3085645351],
    [183, 5, 7, "RSpec/InstanceVariable: Avoid instance variables - use let, a method call, or a local variable (if possible).", 842193521],
    [184, 5, 7, "RSpec/InstanceVariable: Avoid instance variables - use let, a method call, or a local variable (if possible).", 842193521],
    [185, 5, 7, "RSpec/InstanceVariable: Avoid instance variables - use let, a method call, or a local variable (if possible).", 842193521],
    [186, 21, 7, "RSpec/InstanceVariable: Avoid instance variables - use let, a method call, or a local variable (if possible).", 833506170],
    [187, 19, 7, "RSpec/InstanceVariable: Avoid instance variables - use let, a method call, or a local variable (if possible).", 833506170],
    [192, 3, 247, "RSpec/ExampleLength: Example has too many lines. [6/5]", 4213520197],
    [193, 5, 7, "RSpec/InstanceVariable: Avoid instance variables - use let, a method call, or a local variable (if possible).", 842193521],
    [194, 7, 7, "RSpec/InstanceVariable: Avoid instance variables - use let, a method call, or a local variable (if possible).", 842193521],
    [195, 7, 7, "RSpec/InstanceVariable: Avoid instance variables - use let, a method call, or a local variable (if possible).", 842193521],
    [198, 25, 7, "RSpec/InstanceVariable: Avoid instance variables - use let, a method call, or a local variable (if possible).", 833506170],
    [199, 21, 7, "RSpec/InstanceVariable: Avoid instance variables - use let, a method call, or a local variable (if possible).", 833506170],
    [202, 3, 292, "RSpec/ExampleLength: Example has too many lines. [7/5]", 301718091],
    [203, 5, 7, "RSpec/InstanceVariable: Avoid instance variables - use let, a method call, or a local variable (if possible).", 842193521],
    [205, 5, 7, "RSpec/InstanceVariable: Avoid instance variables - use let, a method call, or a local variable (if possible).", 842193521],
    [207, 5, 7, "RSpec/InstanceVariable: Avoid instance variables - use let, a method call, or a local variable (if possible).", 842193521],
    [208, 7, 7, "RSpec/InstanceVariable: Avoid instance variables - use let, a method call, or a local variable (if possible).", 842193521],
    [211, 25, 7, "RSpec/InstanceVariable: Avoid instance variables - use let, a method call, or a local variable (if possible).", 833506170],
    [212, 21, 7, "RSpec/InstanceVariable: Avoid instance variables - use let, a method call, or a local variable (if possible).", 833506170],
    [215, 3, 743, "RSpec/ExampleLength: Example has too many lines. [15/5]", 853491599],
    [219, 49, 7, "RSpec/InstanceVariable: Avoid instance variables - use let, a method call, or a local variable (if possible).", 842193521],
    [228, 21, 7, "RSpec/InstanceVariable: Avoid instance variables - use let, a method call, or a local variable (if possible).", 833506170],
    [229, 21, 7, "RSpec/InstanceVariable: Avoid instance variables - use let, a method call, or a local variable (if possible).", 833506170],
    [230, 25, 7, "RSpec/InstanceVariable: Avoid instance variables - use let, a method call, or a local variable (if possible).", 833506170],
    [237, 3, 990, "RSpec/ExampleLength: Example has too many lines. [15/5]", 1814574566],
    [241, 49, 7, "RSpec/InstanceVariable: Avoid instance variables - use let, a method call, or a local variable (if possible).", 842193521],
    [250, 21, 7, "RSpec/InstanceVariable: Avoid instance variables - use let, a method call, or a local variable (if possible).", 833506170],
    [251, 21, 7, "RSpec/InstanceVariable: Avoid instance variables - use let, a method call, or a local variable (if possible).", 833506170],
    [252, 25, 7, "RSpec/InstanceVariable: Avoid instance variables - use let, a method call, or a local variable (if possible).", 833506170],
    [263, 3, 560, "RSpec/ExampleLength: Example has too many lines. [7/5]", 1086121733],
    [275, 3, 481, "RSpec/ExampleLength: Example has too many lines. [15/5]", 378478988],
    [276, 5, 7, "RSpec/InstanceVariable: Avoid instance variables - use let, a method call, or a local variable (if possible).", 842193521],
    [282, 9, 10, "ThreadSafety/NewThread: Avoid starting new threads.", 3411682361],
    [288, 5, 7, "RSpec/InstanceVariable: Avoid instance variables - use let, a method call, or a local variable (if possible).", 842193521],
    [297, 3, 1058, "RSpec/ExampleLength: Example has too many lines. [23/5]", 2523281661],
    [298, 5, 7, "RSpec/InstanceVariable: Avoid instance variables - use let, a method call, or a local variable (if possible).", 842193521],
    [305, 7, 10, "ThreadSafety/NewThread: Avoid starting new threads.", 3411682361],
    [309, 9, 7, "RSpec/InstanceVariable: Avoid instance variables - use let, a method call, or a local variable (if possible).", 842193521],
    [311, 11, 7, "RSpec/InstanceVariable: Avoid instance variables - use let, a method call, or a local variable (if possible).", 842193521],
    [331, 3, 567, "RSpec/ExampleLength: Example has too many lines. [13/5]", 1702613578],
    [335, 5, 7, "RSpec/InstanceVariable: Avoid instance variables - use let, a method call, or a local variable (if possible).", 842193521],
    [342, 5, 7, "RSpec/InstanceVariable: Avoid instance variables - use let, a method call, or a local variable (if possible).", 842193521],
    [350, 3, 1035, "RSpec/ExampleLength: Example has too many lines. [26/5]", 742546210],
    [354, 5, 7, "RSpec/InstanceVariable: Avoid instance variables - use let, a method call, or a local variable (if possible).", 842193521],
    [358, 7, 7, "RSpec/InstanceVariable: Avoid instance variables - use let, a method call, or a local variable (if possible).", 842193521],
    [360, 9, 7, "RSpec/InstanceVariable: Avoid instance variables - use let, a method call, or a local variable (if possible).", 842193521],
    [369, 7, 7, "RSpec/InstanceVariable: Avoid instance variables - use let, a method call, or a local variable (if possible).", 842193521],
    [371, 9, 7, "RSpec/InstanceVariable: Avoid instance variables - use let, a method call, or a local variable (if possible).", 842193521],
    [385, 3, 601, "RSpec/ExampleLength: Example has too many lines. [12/5]", 3857991494],
    [389, 5, 7, "RSpec/InstanceVariable: Avoid instance variables - use let, a method call, or a local variable (if possible).", 842193521],
    [393, 7, 7, "RSpec/InstanceVariable: Avoid instance variables - use let, a method call, or a local variable (if possible).", 842193521],
    [394, 21, 7, "RSpec/InstanceVariable: Avoid instance variables - use let, a method call, or a local variable (if possible).", 842193521],
    [402, 3, 349, "RSpec/ExampleLength: Example has too many lines. [8/5]", 4123903563],
    [403, 5, 7, "RSpec/InstanceVariable: Avoid instance variables - use let, a method call, or a local variable (if possible).", 842193521],
    [405, 5, 7, "RSpec/InstanceVariable: Avoid instance variables - use let, a method call, or a local variable (if possible).", 842193521],
    [407, 5, 7, "RSpec/InstanceVariable: Avoid instance variables - use let, a method call, or a local variable (if possible).", 842193521],
    [408, 7, 7, "RSpec/InstanceVariable: Avoid instance variables - use let, a method call, or a local variable (if possible).", 842193521],
    [411, 5, 7, "RSpec/InstanceVariable: Avoid instance variables - use let, a method call, or a local variable (if possible).", 842193521],
    [413, 25, 7, "RSpec/InstanceVariable: Avoid instance variables - use let, a method call, or a local variable (if possible).", 833506170],
    [414, 21, 7, "RSpec/InstanceVariable: Avoid instance variables - use let, a method call, or a local variable (if possible).", 833506170],
    [417, 3, 276, "RSpec/ExampleLength: Example has too many lines. [6/5]", 525441673],
    [418, 5, 7, "RSpec/InstanceVariable: Avoid instance variables - use let, a method call, or a local variable (if possible).", 842193521],
    [419, 7, 7, "RSpec/InstanceVariable: Avoid instance variables - use let, a method call, or a local variable (if possible).", 842193521],
    [420, 7, 7, "RSpec/InstanceVariable: Avoid instance variables - use let, a method call, or a local variable (if possible).", 842193521],
    [423, 25, 7, "RSpec/InstanceVariable: Avoid instance variables - use let, a method call, or a local variable (if possible).", 833506170],
    [424, 21, 7, "RSpec/InstanceVariable: Avoid instance variables - use let, a method call, or a local variable (if possible).", 833506170],
    [427, 3, 261, "RSpec/ExampleLength: Example has too many lines. [6/5]", 970521463],
    [428, 5, 7, "RSpec/InstanceVariable: Avoid instance variables - use let, a method call, or a local variable (if possible).", 842193521],
    [429, 7, 7, "RSpec/InstanceVariable: Avoid instance variables - use let, a method call, or a local variable (if possible).", 842193521],
    [430, 7, 7, "RSpec/InstanceVariable: Avoid instance variables - use let, a method call, or a local variable (if possible).", 842193521],
    [433, 25, 7, "RSpec/InstanceVariable: Avoid instance variables - use let, a method call, or a local variable (if possible).", 833506170],
    [434, 21, 7, "RSpec/InstanceVariable: Avoid instance variables - use let, a method call, or a local variable (if possible).", 833506170],
    [437, 3, 351, "RSpec/ExampleLength: Example has too many lines. [7/5]", 1187444494],
    [440, 42, 7, "RSpec/InstanceVariable: Avoid instance variables - use let, a method call, or a local variable (if possible).", 842193521],
    [442, 5, 7, "RSpec/InstanceVariable: Avoid instance variables - use let, a method call, or a local variable (if possible).", 842193521],
    [444, 44, 7, "RSpec/InstanceVariable: Avoid instance variables - use let, a method call, or a local variable (if possible).", 842193521],
    [457, 25, 7, "RSpec/InstanceVariable: Avoid instance variables - use let, a method call, or a local variable (if possible).", 842193521],
    [457, 95, 7, "RSpec/InstanceVariable: Avoid instance variables - use let, a method call, or a local variable (if possible).", 842193521]
  ]
}
